
Microsoft Visual Studio Solution File, Format Version 12.00
# Visual Studio Version 16
VisualStudioVersion = 16.0.31019.35
MinimumVisualStudioVersion = 10.0.40219.1
Project("{FAE04EC0-301F-11D3-BF4B-00C04F79EFBC}") = "DataAccess", "DataAccess\DataAccess.csproj", "{389BBE7D-F1A6-47FD-9918-328E3387D7C5}"
EndProject
Project("{FAE04EC0-301F-11D3-BF4B-00C04F79EFBC}") = "Business", "Business\Business.csproj", "{2B6945D3-F923-4F75-A989-81FBAF3086D8}"
EndProject
Project("{FAE04EC0-301F-11D3-BF4B-00C04F79EFBC}") = "Entities", "Entities\Entities.csproj", "{CAF1B8C7-1034-4B5B-8A1D-119F2820E546}"
EndProject
Project("{FAE04EC0-301F-11D3-BF4B-00C04F79EFBC}") = "ConsolUI", "ConsolUI\ConsolUI.csproj", "{7810918A-67EE-4687-95FA-9B06FFFBC9AE}"
EndProject
Global
	GlobalSection(SolutionConfigurationPlatforms) = preSolution
		Debug|Any CPU = Debug|Any CPU
		Release|Any CPU = Release|Any CPU
	EndGlobalSection
	GlobalSection(ProjectConfigurationPlatforms) = postSolution
		{389BBE7D-F1A6-47FD-9918-328E3387D7C5}.Debug|Any CPU.ActiveCfg = Debug|Any CPU
		{389BBE7D-F1A6-47FD-9918-328E3387D7C5}.Debug|Any CPU.Build.0 = Debug|Any CPU
		{389BBE7D-F1A6-47FD-9918-328E3387D7C5}.Release|Any CPU.ActiveCfg = Release|Any CPU
		{389BBE7D-F1A6-47FD-9918-328E3387D7C5}.Release|Any CPU.Build.0 = Release|Any CPU
		{2B6945D3-F923-4F75-A989-81FBAF3086D8}.Debug|Any CPU.ActiveCfg = Debug|Any CPU
		{2B6945D3-F923-4F75-A989-81FBAF3086D8}.Debug|Any CPU.Build.0 = Debug|Any CPU
		{2B6945D3-F923-4F75-A989-81FBAF3086D8}.Release|Any CPU.ActiveCfg = Release|Any CPU
		{2B6945D3-F923-4F75-A989-81FBAF3086D8}.Release|Any CPU.Build.0 = Release|Any CPU
		{CAF1B8C7-1034-4B5B-8A1D-119F2820E546}.Debug|Any CPU.ActiveCfg = Debug|Any CPU
		{CAF1B8C7-1034-4B5B-8A1D-119F2820E546}.Debug|Any CPU.Build.0 = Debug|Any CPU
		{CAF1B8C7-1034-4B5B-8A1D-119F2820E546}.Release|Any CPU.ActiveCfg = Release|Any CPU
		{CAF1B8C7-1034-4B5B-8A1D-119F2820E546}.Release|Any CPU.Build.0 = Release|Any CPU
		{7810918A-67EE-4687-95FA-9B06FFFBC9AE}.Debug|Any CPU.ActiveCfg = Debug|Any CPU
		{7810918A-67EE-4687-95FA-9B06FFFBC9AE}.Debug|Any CPU.Build.0 = Debug|Any CPU
		{7810918A-67EE-4687-95FA-9B06FFFBC9AE}.Release|Any CPU.ActiveCfg = Release|Any CPU
		{7810918A-67EE-4687-95FA-9B06FFFBC9AE}.Release|Any CPU.Build.0 = Release|Any CPU
	EndGlobalSection
	GlobalSection(SolutionProperties) = preSolution
		HideSolutionNode = FALSE
	EndGlobalSection
	GlobalSection(ExtensibilityGlobals) = postSolution
		SolutionGuid = {B9A5B52D-5FC7-4516-8E8D-CA3AAA9F1AF3}
	EndGlobalSection
EndGlobal
